{
  "version": 1,
  "dependencies": {
    "net8.0": {
      "Microsoft.AspNetCore.Authorization": {
        "type": "Direct",
        "requested": "[8.0.7, )",
        "resolved": "8.0.7",
        "contentHash": "Oz8BvQ1iYwOTH5QcT5I+EGphgJbqCGuBRDk1BK7Hscx1xC8Bg6H0rtYcmiWdNn/cZ4Uu5FMr6z46sEZSSZ6ycw==",
        "dependencies": {
          "Microsoft.AspNetCore.Metadata": "8.0.7",
          "Microsoft.Extensions.Logging.Abstractions": "8.0.1",
          "Microsoft.Extensions.Options": "8.0.2"
        }
      },
      "Microsoft.Graph": {
        "type": "Direct",
        "requested": "[5.91.0, )",
        "resolved": "5.91.0",
        "contentHash": "hQNs20OGTA/2JyfmMRygs2kYTccLXvqM/NQ8zoWx+Myc8B0tFvcCgsHfroE+L+lKAVDK8rOJsT9EgFsEwgsa0w==",
        "dependencies": {
          "Microsoft.Graph.Core": "3.2.4"
        }
      },
      "Microsoft.Identity.Web": {
        "type": "Direct",
        "requested": "[3.1.0, )",
        "resolved": "3.1.0",
        "contentHash": "TNP1hZU4Dhyza28smvJo8iDem6D+PN3lIATHib4PBECROHhE1OF84JrjmU9m6p8Pe5IiUP3cISPr5CcmiogjpQ==",
        "dependencies": {
          "Microsoft.Extensions.Http": "3.1.3",
          "Microsoft.Identity.Web.Certificate": "3.1.0",
          "Microsoft.Identity.Web.Certificateless": "3.1.0",
          "Microsoft.Identity.Web.TokenAcquisition": "3.1.0",
          "Microsoft.Identity.Web.TokenCache": "3.1.0",
          "Microsoft.IdentityModel.Protocols.OpenIdConnect": "8.0.2",
          "Microsoft.IdentityModel.Validators": "8.0.2",
          "System.Formats.Asn1": "8.0.1",
          "System.IdentityModel.Tokens.Jwt": "8.0.2",
          "System.Text.Json": "8.0.4"
        }
      },
      "Azure.Core": {
        "type": "Transitive",
        "resolved": "1.44.1",
        "contentHash": "YyznXLQZCregzHvioip07/BkzjuWNXogJEVz9T5W6TwjNr17ax41YGzYMptlo2G10oLCuVPoyva62y0SIRDixg==",
        "dependencies": {
          "Microsoft.Bcl.AsyncInterfaces": "6.0.0",
          "System.ClientModel": "1.1.0",
          "System.Diagnostics.DiagnosticSource": "6.0.1",
          "System.Memory.Data": "6.0.0",
          "System.Numerics.Vectors": "4.5.0",
          "System.Text.Encodings.Web": "6.0.0",
          "System.Text.Json": "6.0.10",
          "System.Threading.Tasks.Extensions": "4.5.4"
        }
      },
      "Azure.Identity": {
        "type": "Transitive",
        "resolved": "1.11.4",
        "contentHash": "Sf4BoE6Q3jTgFkgBkx7qztYOFELBCo+wQgpYDwal/qJ1unBH73ywPztIJKXBXORRzAeNijsuxhk94h0TIMvfYg==",
        "dependencies": {
          "Azure.Core": "1.38.0",
          "Microsoft.Identity.Client": "4.61.3",
          "Microsoft.Identity.Client.Extensions.Msal": "4.61.3",
          "System.Memory": "4.5.4",
          "System.Security.Cryptography.ProtectedData": "4.7.0",
          "System.Text.Json": "4.7.2",
          "System.Threading.Tasks.Extensions": "4.5.4"
        }
      },
      "Azure.Security.KeyVault.Certificates": {
        "type": "Transitive",
        "resolved": "4.6.0",
        "contentHash": "e2ATU/n2ZDL/S8A8EdrcfKEvKc2BojCrrSpmM+JKnrSTQS32x/W0Ldu8utk+epLKwXvSJRSWtlgdo7X8hG1mCg==",
        "dependencies": {
          "Azure.Core": "1.37.0",
          "System.Memory": "4.5.4",
          "System.Text.Json": "4.7.2",
          "System.Threading.Tasks.Extensions": "4.5.4"
        }
      },
      "Azure.Security.KeyVault.Secrets": {
        "type": "Transitive",
        "resolved": "4.6.0",
        "contentHash": "vwPceoznuT6glvirZcXlaCQrh1uzTSxpZUi2hRFNumHiS3hVyqIXI5fgWiLtlBzwqPJMTr0flUoSvGKjXXQlfg==",
        "dependencies": {
          "Azure.Core": "1.37.0",
          "System.Memory": "4.5.4",
          "System.Text.Json": "4.7.2",
          "System.Threading.Tasks.Extensions": "4.5.4"
        }
      },
      "Microsoft.AspNetCore.Authentication.JwtBearer": {
        "type": "Transitive",
        "resolved": "8.0.0",
        "contentHash": "rwxaZYHips5M9vqxRkGfJthTx+Ws4O4yCuefn17J371jL3ouC5Ker43h2hXb5yd9BMnImE9rznT75KJHm6bMgg==",
        "dependencies": {
          "Microsoft.IdentityModel.Protocols.OpenIdConnect": "7.0.3"
        }
      },
      "Microsoft.AspNetCore.Authentication.OpenIdConnect": {
        "type": "Transitive",
        "resolved": "8.0.0",
        "contentHash": "vBAcj4GpCpvJXIXFnYXDVF0yQtsRAaGib+DiMc79KZNyb/TKhxpoHQwOP7v3aMAoIqUC0HUbf1RQJUoOygakbQ==",
        "dependencies": {
          "Microsoft.IdentityModel.Protocols.OpenIdConnect": "7.0.3"
        }
      },
      "Microsoft.AspNetCore.Cryptography.Internal": {
        "type": "Transitive",
        "resolved": "8.0.1",
        "contentHash": "ryzsiEKr1qJ8f/CARxK8/zTX41aGUpoYOrZuKpsWiK6LwnuynxSFrzBDF04bT7xHF/i0EOeqkIRvfIohI/EsTg=="
      },
      "Microsoft.AspNetCore.DataProtection": {
        "type": "Transitive",
        "resolved": "8.0.1",
        "contentHash": "DX2Quy+WRLXPGeWNGtOKyPT2vusNfFI15S9M2DIpaeBqZmXpheoQdlvsPzyn7K8uorcnfUW5ML/vSo26FOQ9BA==",
        "dependencies": {
          "Microsoft.AspNetCore.Cryptography.Internal": "8.0.1",
          "Microsoft.AspNetCore.DataProtection.Abstractions": "8.0.1",
          "Microsoft.Extensions.DependencyInjection.Abstractions": "8.0.0",
          "Microsoft.Extensions.Hosting.Abstractions": "8.0.0",
          "Microsoft.Extensions.Logging.Abstractions": "8.0.0",
          "Microsoft.Extensions.Options": "8.0.1",
          "System.Security.Cryptography.Xml": "8.0.0"
        }
      },
      "Microsoft.AspNetCore.DataProtection.Abstractions": {
        "type": "Transitive",
        "resolved": "8.0.1",
        "contentHash": "4n79+eJnSXaqZIx5c6A+Dtl2bIYwcrAujKDfnDJnTkJa0n5NH4UBCCDNEyONW11UeBYzZb1G4DTE7YWOFbw+9Q=="
      },
      "Microsoft.AspNetCore.Metadata": {
        "type": "Transitive",
        "resolved": "8.0.7",
        "contentHash": "CD5PNOSnOh3XcqZaaxp0uENK4WTFifSkhWkuO9dQ/Mo7gpXwAMvrfwdqW2T7Z4YS+VXuka7Gf70f29HND9oQ3w=="
      },
      "Microsoft.Bcl.AsyncInterfaces": {
        "type": "Transitive",
        "resolved": "6.0.0",
        "contentHash": "UcSjPsst+DfAdJGVDsu346FX0ci0ah+lw3WRtn18NUwEqRt70HaOQ7lI72vy3+1LxtqI3T5GWwV39rQSrCzAeg=="
      },
      "Microsoft.Bcl.Memory": {
        "type": "Transitive",
        "resolved": "9.0.0",
        "contentHash": "bTUtGfpGyJnohQzjdXbtc7MqNzkv7CWUSRz54+ucNm0i32rZiIU0VdVPHDBShOl1qhVKRjW8mnEBz3d2vH93tQ=="
      },
      "Microsoft.Extensions.Caching.Abstractions": {
        "type": "Transitive",
        "resolved": "8.0.0",
        "contentHash": "3KuSxeHoNYdxVYfg2IRZCThcrlJ1XJqIXkAWikCsbm5C/bCjv7G0WoKDyuR98Q+T607QT2Zl5GsbGRkENcV2yQ==",
        "dependencies": {
          "Microsoft.Extensions.Primitives": "8.0.0"
        }
      },
      "Microsoft.Extensions.Caching.Memory": {
        "type": "Transitive",
        "resolved": "8.0.0",
        "contentHash": "7pqivmrZDzo1ADPkRwjy+8jtRKWRCPag9qPI+p7sgu7Q4QreWhcvbiWXsbhP+yY8XSiDvZpu2/LWdBv7PnmOpQ==",
        "dependencies": {
          "Microsoft.Extensions.Caching.Abstractions": "8.0.0",
          "Microsoft.Extensions.DependencyInjection.Abstractions": "8.0.0",
          "Microsoft.Extensions.Logging.Abstractions": "8.0.0",
          "Microsoft.Extensions.Options": "8.0.0",
          "Microsoft.Extensions.Primitives": "8.0.0"
        }
      },
      "Microsoft.Extensions.Configuration.Abstractions": {
        "type": "Transitive",
        "resolved": "8.0.0",
        "contentHash": "3lE/iLSutpgX1CC0NOW70FJoGARRHbyKmG7dc0klnUZ9Dd9hS6N/POPWhKhMLCEuNN5nXEY5agmlFtH562vqhQ==",
        "dependencies": {
          "Microsoft.Extensions.Primitives": "8.0.0"
        }
      },
      "Microsoft.Extensions.Configuration.Binder": {
        "type": "Transitive",
        "resolved": "8.0.0",
        "contentHash": "mBMoXLsr5s1y2zOHWmKsE9veDcx8h1x/c3rz4baEdQKTeDcmQAPNbB54Pi/lhFO3K431eEq6PFbMgLaa6PHFfA==",
        "dependencies": {
          "Microsoft.Extensions.Configuration.Abstractions": "8.0.0"
        }
      },
      "Microsoft.Extensions.DependencyInjection": {
        "type": "Transitive",
        "resolved": "8.0.0",
        "contentHash": "V8S3bsm50ig6JSyrbcJJ8bW2b9QLGouz+G1miK3UTaOWmMtFwNNNzUf4AleyDWUmTrWMLNnFSLEQtxmxgNQnNQ==",
        "dependencies": {
          "Microsoft.Extensions.DependencyInjection.Abstractions": "8.0.0"
        }
      },
      "Microsoft.Extensions.DependencyInjection.Abstractions": {
        "type": "Transitive",
        "resolved": "8.0.1",
        "contentHash": "fGLiCRLMYd00JYpClraLjJTNKLmMJPnqxMaiRzEBIIvevlzxz33mXy39Lkd48hu1G+N21S7QpaO5ZzKsI6FRuA=="
      },
      "Microsoft.Extensions.Diagnostics.Abstractions": {
        "type": "Transitive",
        "resolved": "8.0.0",
        "contentHash": "JHYCQG7HmugNYUhOl368g+NMxYE/N/AiclCYRNlgCY9eVyiBkOHMwK4x60RYMxv9EL3+rmj1mqHvdCiPpC+D4Q==",
        "dependencies": {
          "Microsoft.Extensions.DependencyInjection.Abstractions": "8.0.0",
          "Microsoft.Extensions.Options": "8.0.0",
          "System.Diagnostics.DiagnosticSource": "8.0.0"
        }
      },
      "Microsoft.Extensions.FileProviders.Abstractions": {
        "type": "Transitive",
        "resolved": "8.0.0",
        "contentHash": "ZbaMlhJlpisjuWbvXr4LdAst/1XxH3vZ6A0BsgTphZ2L4PGuxRLz7Jr/S7mkAAnOn78Vu0fKhEgNF5JO3zfjqQ==",
        "dependencies": {
          "Microsoft.Extensions.Primitives": "8.0.0"
        }
      },
      "Microsoft.Extensions.Hosting.Abstractions": {
        "type": "Transitive",
        "resolved": "8.0.0",
        "contentHash": "AG7HWwVRdCHlaA++1oKDxLsXIBxmDpMPb3VoyOoAghEWnkUvEAdYQUwnV4jJbAaa/nMYNiEh5ByoLauZBEiovg==",
        "dependencies": {
          "Microsoft.Extensions.Configuration.Abstractions": "8.0.0",
          "Microsoft.Extensions.DependencyInjection.Abstractions": "8.0.0",
          "Microsoft.Extensions.Diagnostics.Abstractions": "8.0.0",
          "Microsoft.Extensions.FileProviders.Abstractions": "8.0.0",
          "Microsoft.Extensions.Logging.Abstractions": "8.0.0"
        }
      },
      "Microsoft.Extensions.Http": {
        "type": "Transitive",
        "resolved": "3.1.3",
        "contentHash": "QV5ODk9CFm+//AsZQSm8sH33Li1a19PTy44Ln+FCd7YnNRcxxXgZGNCdQtJpKFBpaLjfdfaGUfqWWq3LID1GdA==",
        "dependencies": {
          "Microsoft.Extensions.DependencyInjection.Abstractions": "3.1.3",
          "Microsoft.Extensions.Logging": "3.1.3",
          "Microsoft.Extensions.Options": "3.1.3"
        }
      },
      "Microsoft.Extensions.Logging": {
        "type": "Transitive",
        "resolved": "8.0.0",
        "contentHash": "tvRkov9tAJ3xP51LCv3FJ2zINmv1P8Hi8lhhtcKGqM+ImiTCC84uOPEI4z8Cdq2C3o9e+Aa0Gw0rmrsJD77W+w==",
        "dependencies": {
          "Microsoft.Extensions.DependencyInjection": "8.0.0",
          "Microsoft.Extensions.Logging.Abstractions": "8.0.0",
          "Microsoft.Extensions.Options": "8.0.0"
        }
      },
      "Microsoft.Extensions.Logging.Abstractions": {
        "type": "Transitive",
        "resolved": "8.0.1",
        "contentHash": "RIFgaqoaINxkM2KTOw72dmilDmTrYA0ns2KW4lDz4gZ2+o6IQ894CzmdL3StM2oh7QQq44nCWiqKqc4qUI9Jmg==",
        "dependencies": {
          "Microsoft.Extensions.DependencyInjection.Abstractions": "8.0.1"
        }
      },
      "Microsoft.Extensions.Options": {
        "type": "Transitive",
        "resolved": "8.0.2",
        "contentHash": "dWGKvhFybsaZpGmzkGCbNNwBD1rVlWzrZKANLW/CcbFJpCEceMCGzT7zZwHOGBCbwM0SzBuceMj5HN1LKV1QqA==",
        "dependencies": {
          "Microsoft.Extensions.DependencyInjection.Abstractions": "8.0.0",
          "Microsoft.Extensions.Primitives": "8.0.0"
        }
      },
      "Microsoft.Extensions.Options.ConfigurationExtensions": {
        "type": "Transitive",
        "resolved": "8.0.0",
        "contentHash": "0f4DMRqEd50zQh+UyJc+/HiBsZ3vhAQALgdkcQEalSH1L2isdC7Yj54M3cyo5e+BeO5fcBQ7Dxly8XiBBcvRgw==",
        "dependencies": {
          "Microsoft.Extensions.Configuration.Abstractions": "8.0.0",
          "Microsoft.Extensions.Configuration.Binder": "8.0.0",
          "Microsoft.Extensions.DependencyInjection.Abstractions": "8.0.0",
          "Microsoft.Extensions.Options": "8.0.0",
          "Microsoft.Extensions.Primitives": "8.0.0"
        }
      },
      "Microsoft.Extensions.Primitives": {
        "type": "Transitive",
        "resolved": "8.0.0",
        "contentHash": "bXJEZrW9ny8vjMF1JV253WeLhpEVzFo1lyaZu1vQ4ZxWUlVvknZ/+ftFgVheLubb4eZPSwwxBeqS1JkCOjxd8g=="
      },
      "Microsoft.Graph.Core": {
        "type": "Transitive",
        "resolved": "3.2.4",
        "contentHash": "0kBbgRiWUrrc7Um0oDcXl9t8Hxzgoz9SddErRDhqdDm4TWDlT8ItYuIfjwoFPHO1O51kwkDtTxzDRwZThbW5Uw==",
        "dependencies": {
          "Microsoft.IdentityModel.Protocols.OpenIdConnect": "8.6.1",
          "Microsoft.IdentityModel.Validators": "8.6.1",
          "Microsoft.Kiota.Abstractions": "1.17.1",
          "Microsoft.Kiota.Authentication.Azure": "1.17.1",
          "Microsoft.Kiota.Http.HttpClientLibrary": "1.17.1",
          "Microsoft.Kiota.Serialization.Form": "1.17.1",
          "Microsoft.Kiota.Serialization.Json": "1.17.1",
          "Microsoft.Kiota.Serialization.Multipart": "1.17.1",
          "Microsoft.Kiota.Serialization.Text": "1.17.1"
        }
      },
      "Microsoft.Identity.Abstractions": {
        "type": "Transitive",
        "resolved": "6.0.0",
        "contentHash": "PkrmbwUuvEeOAvilvaGShs0TqYtKSRtyoWjqfWzw/nBgNClqUHanYlbZ4TiVt9Q+nfUO/pX20iul4pisapvZBg=="
      },
      "Microsoft.Identity.Client": {
        "type": "Transitive",
        "resolved": "4.61.3",
        "contentHash": "naJo/Qm35Caaoxp5utcw+R8eU8ZtLz2ALh8S+gkekOYQ1oazfCQMWVT4NJ/FnHzdIJlm8dMz0oMpMGCabx5odA==",
        "dependencies": {
          "Microsoft.IdentityModel.Abstractions": "6.35.0",
          "System.Diagnostics.DiagnosticSource": "6.0.1"
        }
      },
      "Microsoft.Identity.Client.Extensions.Msal": {
        "type": "Transitive",
        "resolved": "4.61.3",
        "contentHash": "PWnJcznrSGr25MN8ajlc2XIDW4zCFu0U6FkpaNLEWLgd1NgFCp5uDY3mqLDgM8zCN8hqj8yo5wHYfLB2HjcdGw==",
        "dependencies": {
          "Microsoft.Identity.Client": "4.61.3",
          "System.Security.Cryptography.ProtectedData": "4.5.0"
        }
      },
      "Microsoft.Identity.Web.Certificate": {
        "type": "Transitive",
        "resolved": "3.1.0",
        "contentHash": "Qv67ZJBVdBmsRoTUCr8gko0QcOpOle49a02XW4fYvCNPUTZi+yf40w5Fnc71N7+wjXqXy94MKi6WX30wTvybZA==",
        "dependencies": {
          "Azure.Identity": "1.11.4",
          "Azure.Security.KeyVault.Certificates": "4.6.0",
          "Azure.Security.KeyVault.Secrets": "4.6.0",
          "Microsoft.Identity.Abstractions": "[6.0.0, 7.0.0)",
          "Microsoft.Identity.Web.Certificateless": "3.1.0",
          "Microsoft.Identity.Web.Diagnostics": "3.1.0",
          "System.Text.Json": "8.0.4"
        }
      },
      "Microsoft.Identity.Web.Certificateless": {
        "type": "Transitive",
        "resolved": "3.1.0",
        "contentHash": "CFOSEMISv51syV652J1EfCwcRNXOAByfPyhaPLEMSLv/takkw2EFDDimqRas6RQkJmYl3TBXuQ1RNb/L/734pA==",
        "dependencies": {
          "Microsoft.Extensions.Logging.Abstractions": "2.1.0",
          "Microsoft.Identity.Client": "4.61.3",
          "Microsoft.IdentityModel.JsonWebTokens": "8.0.2",
          "System.Text.Json": "8.0.4"
        }
      },
      "Microsoft.Identity.Web.Diagnostics": {
        "type": "Transitive",
        "resolved": "3.1.0",
        "contentHash": "0nlJsQpVv9P0xVUlOMA0Lx7dZnirzTJerCbqoEbT7VwJ0vra7S2H55FRqlv6uFqNDC0uqBj5H3bHtOWPc1+AEA=="
      },
      "Microsoft.Identity.Web.TokenAcquisition": {
        "type": "Transitive",
        "resolved": "3.1.0",
        "contentHash": "F8f5UFxrPTe4OAH/kwn2wnxRS/+QdGhN/NNFMzL1F72lZs33UYFQv7M4IW3fwvAcYoRYVLt8NYf7U6m8QxwM0Q==",
        "dependencies": {
          "Microsoft.AspNetCore.Authentication.JwtBearer": "8.0.0",
          "Microsoft.AspNetCore.Authentication.OpenIdConnect": "8.0.0",
          "Microsoft.Extensions.Http": "3.1.3",
          "Microsoft.Extensions.Options.ConfigurationExtensions": "8.0.0",
          "Microsoft.Identity.Abstractions": "[6.0.0, 7.0.0)",
          "Microsoft.Identity.Web.Certificate": "3.1.0",
          "Microsoft.Identity.Web.Certificateless": "3.1.0",
          "Microsoft.Identity.Web.TokenCache": "3.1.0",
          "Microsoft.IdentityModel.Logging": "8.0.2",
          "Microsoft.IdentityModel.LoggingExtensions": "8.0.2",
          "Microsoft.IdentityModel.Protocols.OpenIdConnect": "8.0.2",
          "System.IdentityModel.Tokens.Jwt": "8.0.2"
        }
      },
      "Microsoft.Identity.Web.TokenCache": {
        "type": "Transitive",
        "resolved": "3.1.0",
        "contentHash": "bUuRAeBUslfonC2kmYfgkclFMnNYh/xCufOOG+evoOmMi8YIls7wyxEVo09f38LqNQSvFV8V/xYOQWq1bZuz3g==",
        "dependencies": {
          "Microsoft.AspNetCore.DataProtection": "8.0.1",
          "Microsoft.Extensions.Caching.Memory": "8.0.0",
          "Microsoft.Extensions.Logging": "8.0.0",
          "Microsoft.Identity.Client": "4.61.3",
          "Microsoft.Identity.Web.Diagnostics": "3.1.0",
          "System.Formats.Asn1": "8.0.1",
          "System.Security.Cryptography.Pkcs": "8.0.0",
          "System.Security.Cryptography.Xml": "8.0.1"
        }
      },
      "Microsoft.IdentityModel.Abstractions": {
        "type": "Transitive",
        "resolved": "8.6.1",
        "contentHash": "OwmvCXYTttrxV3qT7QKDkoQP4/DB4RWjTwEqV+dNfb2opHn29WGDzoF+r4BVFQVy+BDYMhRlhIp8g3jSyJd+4Q=="
      },
      "Microsoft.IdentityModel.JsonWebTokens": {
        "type": "Transitive",
        "resolved": "8.6.1",
        "contentHash": "CAu9DWsPZVtnyE3bOJ83rlPWpahY37sP/0bIOdRlxS90W88zSI4V3FyoCDlXxV8+gloT+a247pwPXfSNjYyAxw==",
        "dependencies": {
          "Microsoft.IdentityModel.Tokens": "8.6.1"
        }
      },
      "Microsoft.IdentityModel.Logging": {
        "type": "Transitive",
        "resolved": "8.6.1",
        "contentHash": "BdWlVgJYdmcR9TMUOhaZ3vJyaRO7zr7xgK+cRT4R2q59Xl7JMmTB4ctb/VOsyDhxXb497jDNNvLwldp+2ZVBEg==",
        "dependencies": {
          "Microsoft.IdentityModel.Abstractions": "8.6.1"
        }
      },
      "Microsoft.IdentityModel.LoggingExtensions": {
        "type": "Transitive",
        "resolved": "8.0.2",
        "contentHash": "cqSt/bQIouPhNQ3CxZvURmMKYFOw0HujsKSuqB8YuHl2ZnBMiSTwPfh8dCXE+Af+nweJjn0mWFEuU7FD4UxapQ==",
        "dependencies": {
          "Microsoft.Extensions.Logging.Abstractions": "2.1.1",
          "Microsoft.IdentityModel.Abstractions": "8.0.2"
        }
      },
      "Microsoft.IdentityModel.Protocols": {
        "type": "Transitive",
        "resolved": "8.6.1",
        "contentHash": "myul8Jm/kWOtbD+yDeU0LfDPGHDDhNO2Q6U40QlmL0LAK0u1wYl76yKM3/Mzv7ceOkporWAQoAb85QIFnXraOA==",
        "dependencies": {
          "Microsoft.IdentityModel.Tokens": "8.6.1"
        }
      },
      "Microsoft.IdentityModel.Protocols.OpenIdConnect": {
        "type": "Transitive",
        "resolved": "8.6.1",
        "contentHash": "RTZIO/vZOPoy7dZzk3JfAD+EAWZg32xvcF7yNK8DcnIJy86OI1l2AIT7tZp0FG95cLrACV6X8xlc0StOfgB8ag==",
        "dependencies": {
          "Microsoft.IdentityModel.Protocols": "8.6.1",
          "System.IdentityModel.Tokens.Jwt": "8.6.1"
        }
      },
      "Microsoft.IdentityModel.Tokens": {
        "type": "Transitive",
        "resolved": "8.6.1",
        "contentHash": "FvED2com8LIFl9yFXneiX0uxNf9fuf8jKDFcvxC93qXOAfFa8fdLkCiur1vWF+PvgQHhsHVBe6CtDZHzsN8nCQ==",
        "dependencies": {
          "Microsoft.Bcl.Memory": "9.0.0",
          "Microsoft.Extensions.Logging.Abstractions": "8.0.0",
          "Microsoft.IdentityModel.Logging": "8.6.1"
        }
      },
      "Microsoft.IdentityModel.Validators": {
        "type": "Transitive",
        "resolved": "8.6.1",
        "contentHash": "FwST3dwbP4IgPsVVueMau8pHdFllesFSiZy+6L7/BtuflE8Tl1Z7MQW1/4ujmOOYQoBZCjdUQPzOFrC7NlqaBw==",
        "dependencies": {
          "Microsoft.IdentityModel.Protocols": "8.6.1",
          "Microsoft.IdentityModel.Protocols.OpenIdConnect": "8.6.1",
          "Microsoft.IdentityModel.Tokens": "8.6.1",
          "System.IdentityModel.Tokens.Jwt": "8.6.1"
        }
      },
      "Microsoft.Kiota.Abstractions": {
        "type": "Transitive",
        "resolved": "1.17.1",
        "contentHash": "nznpJUkC8F0iwZBael68nIS90g0wKgipJsLwarknd8hsGom0nJhyogZvIJUIzRWfNNSp0JhsxRYEW0WhvmppKw==",
        "dependencies": {
          "Std.UriTemplate": "2.0.1"
        }
      },
      "Microsoft.Kiota.Authentication.Azure": {
        "type": "Transitive",
        "resolved": "1.17.1",
        "contentHash": "BkzhCChAH+IOfH7NnB86ynvRqPfHRDdxQw1XJ/ShwsG66A9dRLJ/T4K+d+U5l4EiaCllgXDN6+TUEc5KXMgOgw==",
        "dependencies": {
          "Azure.Core": "1.44.1",
          "Microsoft.Kiota.Abstractions": "1.17.1"
        }
      },
      "Microsoft.Kiota.Http.HttpClientLibrary": {
        "type": "Transitive",
        "resolved": "1.17.1",
        "contentHash": "7cSZoEJ8G9YT3UxCILASZIB0GbmVnO3jdLDAMgMeU4O/SNemKtgA58pvKYJVrIZnJ9Up/mflQZFkGrSCOij4WQ==",
        "dependencies": {
          "Microsoft.Kiota.Abstractions": "1.17.1"
        }
      },
      "Microsoft.Kiota.Serialization.Form": {
        "type": "Transitive",
        "resolved": "1.17.1",
        "contentHash": "L35vwCSp01r7FoRunmSrKVfGnDBx1+3kcRnSMdleukRIAEeldnrNrjcitqVNSXhCqqnsVIT//B5dBvOCcZFCcA==",
        "dependencies": {
          "Microsoft.Kiota.Abstractions": "1.17.1"
        }
      },
      "Microsoft.Kiota.Serialization.Json": {
        "type": "Transitive",
        "resolved": "1.17.1",
        "contentHash": "EIUiZDVi1XS83k8ybtHMZr7NzHTtiIVGGIif6hiQV2CUEEhTQKxK/eggwajw8+CRfSPrs7ksvKNJleQnAIecHA==",
        "dependencies": {
          "Microsoft.Kiota.Abstractions": "1.17.1"
        }
      },
      "Microsoft.Kiota.Serialization.Multipart": {
        "type": "Transitive",
        "resolved": "1.17.1",
        "contentHash": "bbWg8iQrxBqPVRHfZnNuo1x9oHiRJJfRreTsAb9aO8ViO46wtB7niMgCWt69XG9iQdzAy9pKF8Quho14bNOAmg==",
        "dependencies": {
          "Microsoft.Kiota.Abstractions": "1.17.1"
        }
      },
      "Microsoft.Kiota.Serialization.Text": {
        "type": "Transitive",
        "resolved": "1.17.1",
        "contentHash": "dx1kIbBt21DqRt1tTPt3XkC8doEY1xFf+amPmPedCOM6X8IqdVs8xHymE/66aSWr5alufhEebu/bDxpR90M7mQ==",
        "dependencies": {
          "Microsoft.Kiota.Abstractions": "1.17.1"
        }
      },
      "Std.UriTemplate": {
        "type": "Transitive",
        "resolved": "2.0.1",
        "contentHash": "Ix5VXZwLfolwVHyGTSSJl6KIJ2le6E9YjLdZBMS1Xxzw7VJankRvQW8JoUL69tEgfcw+0qjgWrlxANrhvS0QCQ=="
      },
      "System.ClientModel": {
        "type": "Transitive",
        "resolved": "1.1.0",
        "contentHash": "UocOlCkxLZrG2CKMAAImPcldJTxeesHnHGHwhJ0pNlZEvEXcWKuQvVOER2/NiOkJGRJk978SNdw3j6/7O9H1lg==",
        "dependencies": {
          "System.Memory.Data": "1.0.2",
          "System.Text.Json": "6.0.9"
        }
      },
      "System.Diagnostics.DiagnosticSource": {
        "type": "Transitive",
        "resolved": "8.0.0",
        "contentHash": "c9xLpVz6PL9lp/djOWtk5KPDZq3cSYpmXoJQY524EOtuFl5z9ZtsotpsyrDW40U1DRnQSYvcPKEUV0X//u6gkQ=="
      },
      "System.Formats.Asn1": {
        "type": "Transitive",
        "resolved": "8.0.1",
        "contentHash": "XqKba7Mm/koKSjKMfW82olQdmfbI5yqeoLV/tidRp7fbh5rmHAQ5raDI/7SU0swTzv+jgqtUGkzmFxuUg0it1A=="
      },
      "System.IdentityModel.Tokens.Jwt": {
        "type": "Transitive",
        "resolved": "8.6.1",
        "contentHash": "EXL1Tj+pizswtHHPiQyNumrTo8XOLX7SoTm7Bz00/DyiIoG2H/kQItoajSvr1MYtvDNXveqULsoWDoJFI3aHzQ==",
        "dependencies": {
          "Microsoft.IdentityModel.JsonWebTokens": "8.6.1",
          "Microsoft.IdentityModel.Tokens": "8.6.1"
        }
      },
      "System.Memory": {
        "type": "Transitive",
        "resolved": "4.5.4",
        "contentHash": "1MbJTHS1lZ4bS4FmsJjnuGJOu88ZzTT2rLvrhW7Ygic+pC0NWA+3hgAen0HRdsocuQXCkUTdFn9yHJJhsijDXw=="
      },
      "System.Memory.Data": {
        "type": "Transitive",
        "resolved": "6.0.0",
        "contentHash": "ntFHArH3I4Lpjf5m4DCXQHJuGwWPNVJPaAvM95Jy/u+2Yzt2ryiyIN04LAogkjP9DeRcEOiviAjQotfmPq/FrQ==",
        "dependencies": {
          "System.Text.Json": "6.0.0"
        }
      },
      "System.Numerics.Vectors": {
        "type": "Transitive",
        "resolved": "4.5.0",
        "contentHash": "QQTlPTl06J/iiDbJCiepZ4H//BVraReU4O4EoRw1U02H5TLUIT7xn3GnDp9AXPSlJUDyFs4uWjWafNX6WrAojQ=="
      },
      "System.Security.Cryptography.Pkcs": {
        "type": "Transitive",
        "resolved": "8.0.0",
        "contentHash": "ULmp3xoOwNYjOYp4JZ2NK/6NdTgiN1GQXzVVN1njQ7LOZ0d0B9vyMnhyqbIi9Qw4JXj1JgCsitkTShboHRx7Eg==",
        "dependencies": {
          "System.Formats.Asn1": "8.0.0"
        }
      },
      "System.Security.Cryptography.ProtectedData": {
        "type": "Transitive",
        "resolved": "4.7.0",
        "contentHash": "ehYW0m9ptxpGWvE4zgqongBVWpSDU/JCFD4K7krxkQwSz/sFQjEXCUqpvencjy6DYDbn7Ig09R8GFffu8TtneQ=="
      },
      "System.Security.Cryptography.Xml": {
        "type": "Transitive",
        "resolved": "8.0.1",
        "contentHash": "hqu2ztecOf3BYg5q1R7QcyliX9L7r3mfsWtaRitAxcezH8hyZMB7zCmhi186hsUZXk1KxsAHXwyPEW+xvUED6g==",
        "dependencies": {
          "System.Security.Cryptography.Pkcs": "8.0.0"
        }
      },
      "System.Text.Encodings.Web": {
        "type": "Transitive",
        "resolved": "8.0.0",
        "contentHash": "yev/k9GHAEGx2Rg3/tU6MQh4HGBXJs70y7j1LaM1i/ER9po+6nnQ6RRqTJn1E7Xu0fbIFK80Nh5EoODxrbxwBQ=="
      },
      "System.Text.Json": {
        "type": "Transitive",
        "resolved": "8.0.4",
        "contentHash": "bAkhgDJ88XTsqczoxEMliSrpijKZHhbJQldhAmObj/RbrN3sU5dcokuXmWJWsdQAhiMJ9bTayWsL1C9fbbCRhw==",
        "dependencies": {
          "System.Text.Encodings.Web": "8.0.0"
        }
      },
      "System.Threading.Tasks.Extensions": {
        "type": "Transitive",
        "resolved": "4.5.4",
        "contentHash": "zteT+G8xuGu6mS+mzDzYXbzS7rd3K6Fjb9RiZlYlJPam2/hU7JCBZBVEcywNuR+oZ1ncTvc/cq0faRr3P01OVg=="
      }
    }
  }
}